
Microsoft Visual Studio Solution File, Format Version 12.00
# Visual Studio Version 17
VisualStudioVersion = 17.1.32319.34
MinimumVisualStudioVersion = 10.0.40219.1
Project("{9A19103F-16F7-4668-BE54-9A1E7A4F7556}") = "DemoAzureFunction", "DemoAzureFunction\DemoAzureFunction.csproj", "{5AC3A3F1-99E8-499A-A166-7BA6ED3FC595}"
EndProject
Project("{9A19103F-16F7-4668-BE54-9A1E7A4F7556}") = "DurableFunctionDemo", "DurableFunctionDemo\DurableFunctionDemo.csproj", "{9A27C257-2FCB-4FC2-ADA7-4BFF186D3AE3}"
EndProject
Project("{9A19103F-16F7-4668-BE54-9A1E7A4F7556}") = "SqlApp", "SqlApp\SqlApp.csproj", "{DC90BCCD-2315-4C3B-A556-DE93869872CA}"
EndProject
Project("{FAE04EC0-301F-11D3-BF4B-00C04F79EFBC}") = "BlobTrigger", "BlobTrigger\BlobTrigger.csproj", "{C097B814-3026-455E-8733-8D31FB58F417}"
EndProject
Global
	GlobalSection(SolutionConfigurationPlatforms) = preSolution
		Debug|Any CPU = Debug|Any CPU
		Release|Any CPU = Release|Any CPU
	EndGlobalSection
	GlobalSection(ProjectConfigurationPlatforms) = postSolution
		{5AC3A3F1-99E8-499A-A166-7BA6ED3FC595}.Debug|Any CPU.ActiveCfg = Debug|Any CPU
		{5AC3A3F1-99E8-499A-A166-7BA6ED3FC595}.Debug|Any CPU.Build.0 = Debug|Any CPU
		{5AC3A3F1-99E8-499A-A166-7BA6ED3FC595}.Release|Any CPU.ActiveCfg = Release|Any CPU
		{5AC3A3F1-99E8-499A-A166-7BA6ED3FC595}.Release|Any CPU.Build.0 = Release|Any CPU
		{9A27C257-2FCB-4FC2-ADA7-4BFF186D3AE3}.Debug|Any CPU.ActiveCfg = Debug|Any CPU
		{9A27C257-2FCB-4FC2-ADA7-4BFF186D3AE3}.Debug|Any CPU.Build.0 = Debug|Any CPU
		{9A27C257-2FCB-4FC2-ADA7-4BFF186D3AE3}.Release|Any CPU.ActiveCfg = Release|Any CPU
		{9A27C257-2FCB-4FC2-ADA7-4BFF186D3AE3}.Release|Any CPU.Build.0 = Release|Any CPU
		{DC90BCCD-2315-4C3B-A556-DE93869872CA}.Debug|Any CPU.ActiveCfg = Debug|Any CPU
		{DC90BCCD-2315-4C3B-A556-DE93869872CA}.Debug|Any CPU.Build.0 = Debug|Any CPU
		{DC90BCCD-2315-4C3B-A556-DE93869872CA}.Release|Any CPU.ActiveCfg = Release|Any CPU
		{DC90BCCD-2315-4C3B-A556-DE93869872CA}.Release|Any CPU.Build.0 = Release|Any CPU
		{C097B814-3026-455E-8733-8D31FB58F417}.Debug|Any CPU.ActiveCfg = Debug|Any CPU
		{C097B814-3026-455E-8733-8D31FB58F417}.Debug|Any CPU.Build.0 = Debug|Any CPU
		{C097B814-3026-455E-8733-8D31FB58F417}.Release|Any CPU.ActiveCfg = Release|Any CPU
		{C097B814-3026-455E-8733-8D31FB58F417}.Release|Any CPU.Build.0 = Release|Any CPU
	EndGlobalSection
	GlobalSection(SolutionProperties) = preSolution
		HideSolutionNode = FALSE
	EndGlobalSection
	GlobalSection(ExtensibilityGlobals) = postSolution
		SolutionGuid = {C7495C5A-6AEC-4BD8-A5FB-685066AFD908}
	EndGlobalSection
EndGlobal
